{
  "name": "task",
  "lockfileVersion": 2,
  "requires": true,
  "packages": {
    "": {
      "dependencies": {
        "@vueform/multiselect": "^2.5.2",
        "vue-multiselect": "^2.1.6"
      }
    },
    "node_modules/@vueform/multiselect": {
      "version": "2.5.2",
      "resolved": "https://registry.npmjs.org/@vueform/multiselect/-/multiselect-2.5.2.tgz",
      "integrity": "sha512-TSnngBaXfNNV+anFYpqzLkJLTEFdkjBzHsffMBGcmkyPAH78WTbgE2wXLzw48dnCXRhxrP+1fNRXqf6JppPwWg=="
    },
    "node_modules/vue-multiselect": {
      "version": "2.1.6",
      "resolved": "https://registry.npmjs.org/vue-multiselect/-/vue-multiselect-2.1.6.tgz",
      "integrity": "sha512-s7jmZPlm9FeueJg1RwJtnE9KNPtME/7C8uRWSfp9/yEN4M8XcS/d+bddoyVwVnvFyRh9msFo0HWeW0vTL8Qv+w==",
      "engines": {
        "node": ">= 4.0.0",
        "npm": ">= 3.0.0"
      }
    }
  },
  "dependencies": {
    "@vueform/multiselect": {
      "version": "2.5.2",
      "resolved": "https://registry.npmjs.org/@vueform/multiselect/-/multiselect-2.5.2.tgz",
      "integrity": "sha512-TSnngBaXfNNV+anFYpqzLkJLTEFdkjBzHsffMBGcmkyPAH78WTbgE2wXLzw48dnCXRhxrP+1fNRXqf6JppPwWg=="
    },
    "vue-multiselect": {
      "version": "2.1.6",
      "resolved": "https://registry.npmjs.org/vue-multiselect/-/vue-multiselect-2.1.6.tgz",
      "integrity": "sha512-s7jmZPlm9FeueJg1RwJtnE9KNPtME/7C8uRWSfp9/yEN4M8XcS/d+bddoyVwVnvFyRh9msFo0HWeW0vTL8Qv+w=="
    }
  }
}
